github.com/YutoOkawa/EnkaNetworkGoClient v0.1.0 h1:rkdjJchA0ToXXHzClfBLY/EkGoB9+LuUUetCmYaIozo=
github.com/YutoOkawa/EnkaNetworkGoClient v0.1.0/go.mod h1:ZLIdjumHhzLWOIs3rxxMgJDmc/7wadJjO+f1ehqGEKI=
github.com/YutoOkawa/EnkaNetworkGoClient v0.1.2 h1:L1pwg5hZ+xhtsJPJ3P3VUYTWra56dUCYjW++tNCjz2s=
github.com/YutoOkawa/EnkaNetworkGoClient v0.1.2/go.mod h1:ZLIdjumHhzLWOIs3rxxMgJDmc/7wadJjO+f1ehqGEKI=
